<?xml version="1.0" encoding="utf-8"?>
<Project ToolsVersion="4.0" xmlns="http://schemas.microsoft.com/developer/msbuild/2003">
  <ItemGroup>
    <Filter Include="Source Files">
      <UniqueIdentifier>{4FC737F1-C7A5-4376-A066-2A32D752A2FF}</UniqueIdentifier>
      <Extensions>cpp;c;cc;cxx;def;odl;idl;hpj;bat;asm;asmx</Extensions>
    </Filter>
    <Filter Include="Header Files">
      <UniqueIdentifier>{93995380-89BD-4b04-88EB-625FBE52EBFB}</UniqueIdentifier>
      <Extensions>h;hh;hpp;hxx;hm;inl;inc;xsd</Extensions>
    </Filter>
    <Filter Include="Resource Files">
      <UniqueIdentifier>{67DA6AB6-F800-4c08-8B7A-83BB121AAD01}</UniqueIdentifier>
      <Extensions>rc;ico;cur;bmp;dlg;rc2;rct;bin;rgs;gif;jpg;jpeg;jpe;resx;tiff;tif;png;wav;mfcribbon-ms</Extensions>
    </Filter>
    <Filter Include="Header Files\room1">
      <UniqueIdentifier>{30c86fb9-4190-4161-a0a9-7340b83a6517}</UniqueIdentifier>
    </Filter>
    <Filter Include="Header Files\room2">
      <UniqueIdentifier>{e26ca70e-e5e5-4e6b-b65d-ed91bb9a8921}</UniqueIdentifier>
    </Filter>
    <Filter Include="Source Files\room1">
      <UniqueIdentifier>{e3f64c99-52a2-4023-80a8-eb821850b1f8}</UniqueIdentifier>
    </Filter>
    <Filter Include="Source Files\room2">
      <UniqueIdentifier>{ac0ee659-17f2-4719-ad2e-093001e02959}</UniqueIdentifier>
    </Filter>
    <Filter Include="Source Files\room3">
      <UniqueIdentifier>{af89fa16-14e6-4109-a24a-f1065fd702a3}</UniqueIdentifier>
    </Filter>
    <Filter Include="Header Files\room3">
      <UniqueIdentifier>{a81c6f26-375a-45e4-a5c9-b055fdc3b500}</UniqueIdentifier>
    </Filter>
    <Filter Include="Header Files\helper">
      <UniqueIdentifier>{a4b562da-fb6f-411c-8636-ecbcf43b8d9e}</UniqueIdentifier>
    </Filter>
    <Filter Include="Source Files\helper">
      <UniqueIdentifier>{72289f9f-22a4-411e-ad88-01a508a861f1}</UniqueIdentifier>
    </Filter>
  </ItemGroup>
  <ItemGroup>
    <ClCompile Include="main.c">
      <Filter>Source Files</Filter>
    </ClCompile>
    <ClCompile Include="anagram.c">
      <Filter>Source Files\room1</Filter>
    </ClCompile>
    <ClCompile Include="labyrinth.c">
      <Filter>Source Files\room1</Filter>
    </ClCompile>
    <ClCompile Include="numbers.c">
      <Filter>Source Files\room1</Filter>
    </ClCompile>
    <ClCompile Include="room1.c">
      <Filter>Source Files\room1</Filter>
    </ClCompile>
    <ClCompile Include="room2.c">
      <Filter>Source Files\room2</Filter>
    </ClCompile>
    <ClCompile Include="room3.c">
      <Filter>Source Files\room3</Filter>
    </ClCompile>
    <ClCompile Include="die.c">
      <Filter>Source Files\helper</Filter>
    </ClCompile>
    <ClCompile Include="helper.c">
      <Filter>Source Files\helper</Filter>
    </ClCompile>
    <ClCompile Include="warning.c">
      <Filter>Source Files\helper</Filter>
    </ClCompile>
    <ClCompile Include="numPad1.c">
      <Filter>Source Files\room1</Filter>
    </ClCompile>
    <ClCompile Include="numPad2.c">
      <Filter>Source Files\room2</Filter>
    </ClCompile>
    <ClCompile Include="numPad3.c">
      <Filter>Source Files\room3</Filter>
    </ClCompile>
    <ClCompile Include="colors.c">
      <Filter>Source Files\room2</Filter>
    </ClCompile>
    <ClCompile Include="mensa.c">
      <Filter>Source Files\room2</Filter>
    </ClCompile>
    <ClCompile Include="esc.c">
      <Filter>Source Files\helper</Filter>
    </ClCompile>
    <ClCompile Include="things.c">
      <Filter>Source Files\room2</Filter>
    </ClCompile>
    <ClCompile Include="crossword.c">
      <Filter>Source Files\room3</Filter>
    </ClCompile>
    <ClCompile Include="sudoku.c">
      <Filter>Source Files\room3</Filter>
    </ClCompile>
    <ClCompile Include="beer.c">
      <Filter>Source Files\room3</Filter>
    </ClCompile>
    <ClCompile Include="flashback.c">
      <Filter>Source Files\helper</Filter>
    </ClCompile>
    <ClCompile Include="welcome.c">
      <Filter>Source Files</Filter>
    </ClCompile>
    <ClCompile Include="help.c">
      <Filter>Source Files\helper</Filter>
    </ClCompile>
  </ItemGroup>
  <ItemGroup>
    <ClInclude Include="main.h">
      <Filter>Header Files</Filter>
    </ClInclude>
    <ClInclude Include="room1.h">
      <Filter>Header Files\room1</Filter>
    </ClInclude>
    <ClInclude Include="anagram.h">
      <Filter>Header Files\room1</Filter>
    </ClInclude>
    <ClInclude Include="labyrinth.h">
      <Filter>Header Files\room1</Filter>
    </ClInclude>
    <ClInclude Include="numbers.h">
      <Filter>Header Files\room1</Filter>
    </ClInclude>
    <ClInclude Include="room2.h">
      <Filter>Header Files\room2</Filter>
    </ClInclude>
    <ClInclude Include="room3.h">
      <Filter>Header Files\room3</Filter>
    </ClInclude>
    <ClInclude Include="die.h">
      <Filter>Header Files\helper</Filter>
    </ClInclude>
    <ClInclude Include="helper.h">
      <Filter>Header Files\helper</Filter>
    </ClInclude>
    <ClInclude Include="warning.h">
      <Filter>Header Files\helper</Filter>
    </ClInclude>
    <ClInclude Include="numPad2.h">
      <Filter>Header Files\room2</Filter>
    </ClInclude>
    <ClInclude Include="numPad1.h">
      <Filter>Header Files\room1</Filter>
    </ClInclude>
    <ClInclude Include="numPad3.h">
      <Filter>Header Files\room3</Filter>
    </ClInclude>
    <ClInclude Include="colors.h">
      <Filter>Header Files\room2</Filter>
    </ClInclude>
    <ClInclude Include="mensa.h">
      <Filter>Header Files\room2</Filter>
    </ClInclude>
    <ClInclude Include="esc.h">
      <Filter>Header Files\helper</Filter>
    </ClInclude>
    <ClInclude Include="things.h">
      <Filter>Header Files\room2</Filter>
    </ClInclude>
    <ClInclude Include="crossword.h">
      <Filter>Header Files\room3</Filter>
    </ClInclude>
    <ClInclude Include="sudoku.h">
      <Filter>Header Files\room3</Filter>
    </ClInclude>
    <ClInclude Include="beer.h">
      <Filter>Header Files\room3</Filter>
    </ClInclude>
    <ClInclude Include="flashback.h">
      <Filter>Header Files\helper</Filter>
    </ClInclude>
    <ClInclude Include="defines.h">
      <Filter>Header Files\helper</Filter>
    </ClInclude>
    <ClInclude Include="help.h">
      <Filter>Header Files\helper</Filter>
    </ClInclude>
    <ClInclude Include="welcome.h">
      <Filter>Header Files</Filter>
    </ClInclude>
  </ItemGroup>
</Project>